
Microsoft Visual Studio Solution File, Format Version 12.00
# Visual Studio Version 17
VisualStudioVersion = 17.5.33627.172
MinimumVisualStudioVersion = 10.0.40219.1
Project("{9A19103F-16F7-4668-BE54-9A1E7A4F7556}") = "CategoryAPI", "CategoryAPI.csproj", "{E5B4795A-02FB-45A4-9930-C411A22E9AFC}"
EndProject
Global
	GlobalSection(SolutionConfigurationPlatforms) = preSolution
		Debug|Any CPU = Debug|Any CPU
		Release|Any CPU = Release|Any CPU
	EndGlobalSection
	GlobalSection(ProjectConfigurationPlatforms) = postSolution
		{E5B4795A-02FB-45A4-9930-C411A22E9AFC}.Debug|Any CPU.ActiveCfg = Debug|Any CPU
		{E5B4795A-02FB-45A4-9930-C411A22E9AFC}.Debug|Any CPU.Build.0 = Debug|Any CPU
		{E5B4795A-02FB-45A4-9930-C411A22E9AFC}.Release|Any CPU.ActiveCfg = Release|Any CPU
		{E5B4795A-02FB-45A4-9930-C411A22E9AFC}.Release|Any CPU.Build.0 = Release|Any CPU
	EndGlobalSection
	GlobalSection(SolutionProperties) = preSolution
		HideSolutionNode = FALSE
	EndGlobalSection
	GlobalSection(ExtensibilityGlobals) = postSolution
		SolutionGuid = {41887EFA-6D4F-47EA-A750-3081D37C9423}
	EndGlobalSection
EndGlobal
